// !$*UTF8*$!
{
	archiveVersion = 1;
	classes = {
	};
	objectVersion = 77;
	objects = {

/* Begin PBXContainerItemProxy section */
		065462F52E566BF200BF3137 /* PBXContainerItemProxy */ = {
			isa = PBXContainerItemProxy;
			containerPortal = 065462DC2E566BF100BF3137 /* Project object */;
			proxyType = 1;
			remoteGlobalIDString = 065462E32E566BF100BF3137;
			remoteInfo = ChallengeMELI_Nehuen_Roth;
		};
		065462FF2E566BF200BF3137 /* PBXContainerItemProxy */ = {
			isa = PBXContainerItemProxy;
			containerPortal = 065462DC2E566BF100BF3137 /* Project object */;
			proxyType = 1;
			remoteGlobalIDString = 065462E32E566BF100BF3137;
			remoteInfo = ChallengeMELI_Nehuen_Roth;
		};
/* End PBXContainerItemProxy section */

/* Begin PBXFileReference section */
		065462E42E566BF100BF3137 /* ChallengeMELI_Nehuen_Roth.app */ = {isa = PBXFileReference; explicitFileType = wrapper.application; includeInIndex = 0; path = ChallengeMELI_Nehuen_Roth.app; sourceTree = BUILT_PRODUCTS_DIR; };
		065462F42E566BF200BF3137 /* ChallengeMELI_Nehuen_RothTests.xctest */ = {isa = PBXFileReference; explicitFileType = wrapper.cfbundle; includeInIndex = 0; path = ChallengeMELI_Nehuen_RothTests.xctest; sourceTree = BUILT_PRODUCTS_DIR; };
		065462FE2E566BF200BF3137 /* ChallengeMELI_Nehuen_RothUITests.xctest */ = {isa = PBXFileReference; explicitFileType = wrapper.cfbundle; includeInIndex = 0; path = ChallengeMELI_Nehuen_RothUITests.xctest; sourceTree = BUILT_PRODUCTS_DIR; };
/* End PBXFileReference section */

/* Begin PBXFileSystemSynchronizedRootGroup section */
		065462E62E566BF100BF3137 /* ChallengeMELI_Nehuen_Roth */ = {
			isa = PBXFileSystemSynchronizedRootGroup;
			path = ChallengeMELI_Nehuen_Roth;
			sourceTree = "<group>";
		};
		065462F72E566BF200BF3137 /* ChallengeMELI_Nehuen_RothTests */ = {
			isa = PBXFileSystemSynchronizedRootGroup;
			path = ChallengeMELI_Nehuen_RothTests;
			sourceTree = "<group>";
		};
		065463012E566BF200BF3137 /* ChallengeMELI_Nehuen_RothUITests */ = {
			isa = PBXFileSystemSynchronizedRootGroup;
			path = ChallengeMELI_Nehuen_RothUITests;
			sourceTree = "<group>";
		};
/* End PBXFileSystemSynchronizedRootGroup section */

/* Begin PBXFrameworksBuildPhase section */
		065462E12E566BF100BF3137 /* Frameworks */ = {
			isa = PBXFrameworksBuildPhase;
			buildActionMask = 2147483647;
			files = (
			);
			runOnlyForDeploymentPostprocessing = 0;
		};
		065462F12E566BF200BF3137 /* Frameworks */ = {
			isa = PBXFrameworksBuildPhase;
			buildActionMask = 2147483647;
			files = (
			);
			runOnlyForDeploymentPostprocessing = 0;
		};
		065462FB2E566BF200BF3137 /* Frameworks */ = {
			isa = PBXFrameworksBuildPhase;
			buildActionMask = 2147483647;
			files = (
			);
			runOnlyForDeploymentPostprocessing = 0;
		};
/* End PBXFrameworksBuildPhase section */

/* Begin PBXGroup section */
		065462DB2E566BF100BF3137 = {
			isa = PBXGroup;
			children = (
				065462E62E566BF100BF3137 /* ChallengeMELI_Nehuen_Roth */,
				065462F72E566BF200BF3137 /* ChallengeMELI_Nehuen_RothTests */,
				065463012E566BF200BF3137 /* ChallengeMELI_Nehuen_RothUITests */,
				065462E52E566BF100BF3137 /* Products */,
			);
			sourceTree = "<group>";
		};
		065462E52E566BF100BF3137 /* Products */ = {
			isa = PBXGroup;
			children = (
				065462E42E566BF100BF3137 /* ChallengeMELI_Nehuen_Roth.app */,
				065462F42E566BF200BF3137 /* ChallengeMELI_Nehuen_RothTests.xctest */,
				065462FE2E566BF200BF3137 /* ChallengeMELI_Nehuen_RothUITests.xctest */,
			);
			name = Products;
			sourceTree = "<group>";
		};
/* End PBXGroup section */

/* Begin PBXNativeTarget section */
		065462E32E566BF100BF3137 /* ChallengeMELI_Nehuen_Roth */ = {
			isa = PBXNativeTarget;
			buildConfigurationList = 065463082E566BF200BF3137 /* Build configuration list for PBXNativeTarget "ChallengeMELI_Nehuen_Roth" */;
			buildPhases = (
				065462E02E566BF100BF3137 /* Sources */,
				065462E12E566BF100BF3137 /* Frameworks */,
				065462E22E566BF100BF3137 /* Resources */,
			);
			buildRules = (
			);
			dependencies = (
			);
			fileSystemSynchronizedGroups = (
				065462E62E566BF100BF3137 /* ChallengeMELI_Nehuen_Roth */,
			);
			name = ChallengeMELI_Nehuen_Roth;
			packageProductDependencies = (
			);
			productName = ChallengeMELI_Nehuen_Roth;
			productReference = 065462E42E566BF100BF3137 /* ChallengeMELI_Nehuen_Roth.app */;
			productType = "com.apple.product-type.application";
		};
		065462F32E566BF200BF3137 /* ChallengeMELI_Nehuen_RothTests */ = {
			isa = PBXNativeTarget;
			buildConfigurationList = 0654630B2E566BF200BF3137 /* Build configuration list for PBXNativeTarget "ChallengeMELI_Nehuen_RothTests" */;
			buildPhases = (
				065462F02E566BF200BF3137 /* Sources */,
				065462F12E566BF200BF3137 /* Frameworks */,
				065462F22E566BF200BF3137 /* Resources */,
			);
			buildRules = (
			);
			dependencies = (
				065462F62E566BF200BF3137 /* PBXTargetDependency */,
			);
			fileSystemSynchronizedGroups = (
				065462F72E566BF200BF3137 /* ChallengeMELI_Nehuen_RothTests */,
			);
			name = ChallengeMELI_Nehuen_RothTests;
			packageProductDependencies = (
			);
			productName = ChallengeMELI_Nehuen_RothTests;
			productReference = 065462F42E566BF200BF3137 /* ChallengeMELI_Nehuen_RothTests.xctest */;
			productType = "com.apple.product-type.bundle.unit-test";
		};
		065462FD2E566BF200BF3137 /* ChallengeMELI_Nehuen_RothUITests */ = {
			isa = PBXNativeTarget;
			buildConfigurationList = 0654630E2E566BF200BF3137 /* Build configuration list for PBXNativeTarget "ChallengeMELI_Nehuen_RothUITests" */;
			buildPhases = (
				065462FA2E566BF200BF3137 /* Sources */,
				065462FB2E566BF200BF3137 /* Frameworks */,
				065462FC2E566BF200BF3137 /* Resources */,
			);
			buildRules = (
			);
			dependencies = (
				065463002E566BF200BF3137 /* PBXTargetDependency */,
			);
			fileSystemSynchronizedGroups = (
				065463012E566BF200BF3137 /* ChallengeMELI_Nehuen_RothUITests */,
			);
			name = ChallengeMELI_Nehuen_RothUITests;
			packageProductDependencies = (
			);
			productName = ChallengeMELI_Nehuen_RothUITests;
			productReference = 065462FE2E566BF200BF3137 /* ChallengeMELI_Nehuen_RothUITests.xctest */;
			productType = "com.apple.product-type.bundle.ui-testing";
		};
/* End PBXNativeTarget section */

/* Begin PBXProject section */
		065462DC2E566BF100BF3137 /* Project object */ = {
			isa = PBXProject;
			attributes = {
				BuildIndependentTargetsInParallel = 1;
				LastSwiftUpdateCheck = 1620;
				LastUpgradeCheck = 1620;
				TargetAttributes = {
					065462E32E566BF100BF3137 = {
						CreatedOnToolsVersion = 16.2;
					};
					065462F32E566BF200BF3137 = {
						CreatedOnToolsVersion = 16.2;
						TestTargetID = 065462E32E566BF100BF3137;
					};
					065462FD2E566BF200BF3137 = {
						CreatedOnToolsVersion = 16.2;
						TestTargetID = 065462E32E566BF100BF3137;
					};
				};
			};
			buildConfigurationList = 065462DF2E566BF100BF3137 /* Build configuration list for PBXProject "ChallengeMELI_Nehuen_Roth" */;
			developmentRegion = en;
			hasScannedForEncodings = 0;
			knownRegions = (
				en,
				Base,
			);
			mainGroup = 065462DB2E566BF100BF3137;
			minimizedProjectReferenceProxies = 1;
			preferredProjectObjectVersion = 77;
			productRefGroup = 065462E52E566BF100BF3137 /* Products */;
			projectDirPath = "";
			projectRoot = "";
			targets = (
				065462E32E566BF100BF3137 /* ChallengeMELI_Nehuen_Roth */,
				065462F32E566BF200BF3137 /* ChallengeMELI_Nehuen_RothTests */,
				065462FD2E566BF200BF3137 /* ChallengeMELI_Nehuen_RothUITests */,
			);
		};
/* End PBXProject section */

/* Begin PBXResourcesBuildPhase section */
		065462E22E566BF100BF3137 /* Resources */ = {
			isa = PBXResourcesBuildPhase;
			buildActionMask = 2147483647;
			files = (
			);
			runOnlyForDeploymentPostprocessing = 0;
		};
		065462F22E566BF200BF3137 /* Resources */ = {
			isa = PBXResourcesBuildPhase;
			buildActionMask = 2147483647;
			files = (
			);
			runOnlyForDeploymentPostprocessing = 0;
		};
		065462FC2E566BF200BF3137 /* Resources */ = {
			isa = PBXResourcesBuildPhase;
			buildActionMask = 2147483647;
			files = (
			);
			runOnlyForDeploymentPostprocessing = 0;
		};
/* End PBXResourcesBuildPhase section */

/* Begin PBXSourcesBuildPhase section */
		065462E02E566BF100BF3137 /* Sources */ = {
			isa = PBXSourcesBuildPhase;
			buildActionMask = 2147483647;
			files = (
			);
			runOnlyForDeploymentPostprocessing = 0;
		};
		065462F02E566BF200BF3137 /* Sources */ = {
			isa = PBXSourcesBuildPhase;
			buildActionMask = 2147483647;
			files = (
			);
			runOnlyForDeploymentPostprocessing = 0;
		};
		065462FA2E566BF200BF3137 /* Sources */ = {
			isa = PBXSourcesBuildPhase;
			buildActionMask = 2147483647;
			files = (
			);
			runOnlyForDeploymentPostprocessing = 0;
		};
/* End PBXSourcesBuildPhase section */

/* Begin PBXTargetDependency section */
		065462F62E566BF200BF3137 /* PBXTargetDependency */ = {
			isa = PBXTargetDependency;
			target = 065462E32E566BF100BF3137 /* ChallengeMELI_Nehuen_Roth */;
			targetProxy = 065462F52E566BF200BF3137 /* PBXContainerItemProxy */;
		};
		065463002E566BF200BF3137 /* PBXTargetDependency */ = {
			isa = PBXTargetDependency;
			target = 065462E32E566BF100BF3137 /* ChallengeMELI_Nehuen_Roth */;
			targetProxy = 065462FF2E566BF200BF3137 /* PBXContainerItemProxy */;
		};
/* End PBXTargetDependency section */

/* Begin XCBuildConfiguration section */
		065463062E566BF200BF3137 /* Debug */ = {
			isa = XCBuildConfiguration;
			buildSettings = {
				ALWAYS_SEARCH_USER_PATHS = NO;
				ASSETCATALOG_COMPILER_GENERATE_SWIFT_ASSET_SYMBOL_EXTENSIONS = YES;
				CLANG_ANALYZER_NONNULL = YES;
				CLANG_ANALYZER_NUMBER_OBJECT_CONVERSION = YES_AGGRESSIVE;
				CLANG_CXX_LANGUAGE_STANDARD = "gnu++20";
				CLANG_ENABLE_MODULES = YES;
				CLANG_ENABLE_OBJC_ARC = YES;
				CLANG_ENABLE_OBJC_WEAK = YES;
				CLANG_WARN_BLOCK_CAPTURE_AUTORELEASING = YES;
				CLANG_WARN_BOOL_CONVERSION = YES;
				CLANG_WARN_COMMA = YES;
				CLANG_WARN_CONSTANT_CONVERSION = YES;
				CLANG_WARN_DEPRECATED_OBJC_IMPLEMENTATIONS = YES;
				CLANG_WARN_DIRECT_OBJC_ISA_USAGE = YES_ERROR;
				CLANG_WARN_DOCUMENTATION_COMMENTS = YES;
				CLANG_WARN_EMPTY_BODY = YES;
				CLANG_WARN_ENUM_CONVERSION = YES;
				CLANG_WARN_INFINITE_RECURSION = YES;
				CLANG_WARN_INT_CONVERSION = YES;
				CLANG_WARN_NON_LITERAL_NULL_CONVERSION = YES;
				CLANG_WARN_OBJC_IMPLICIT_RETAIN_SELF = YES;
				CLANG_WARN_OBJC_LITERAL_CONVERSION = YES;
				CLANG_WARN_OBJC_ROOT_CLASS = YES_ERROR;
				CLANG_WARN_QUOTED_INCLUDE_IN_FRAMEWORK_HEADER = YES;
				CLANG_WARN_RANGE_LOOP_ANALYSIS = YES;
				CLANG_WARN_STRICT_PROTOTYPES = YES;
				CLANG_WARN_SUSPICIOUS_MOVE = YES;
				CLANG_WARN_UNGUARDED_AVAILABILITY = YES_AGGRESSIVE;
				CLANG_WARN_UNREACHABLE_CODE = YES;
				CLANG_WARN__DUPLICATE_METHOD_MATCH = YES;
				COPY_PHASE_STRIP = NO;
				DEBUG_INFORMATION_FORMAT = dwarf;
				ENABLE_STRICT_OBJC_MSGSEND = YES;
				ENABLE_TESTABILITY = YES;
				ENABLE_USER_SCRIPT_SANDBOXING = YES;
				GCC_C_LANGUAGE_STANDARD = gnu17;
				GCC_DYNAMIC_NO_PIC = NO;
				GCC_NO_COMMON_BLOCKS = YES;
				GCC_OPTIMIZATION_LEVEL = 0;
				GCC_PREPROCESSOR_DEFINITIONS = (
					"DEBUG=1",
					"$(inherited)",
				);
				GCC_WARN_64_TO_32_BIT_CONVERSION = YES;
				GCC_WARN_ABOUT_RETURN_TYPE = YES_ERROR;
				GCC_WARN_UNDECLARED_SELECTOR = YES;
				GCC_WARN_UNINITIALIZED_AUTOS = YES_AGGRESSIVE;
				GCC_WARN_UNUSED_FUNCTION = YES;
				GCC_WARN_UNUSED_VARIABLE = YES;
				IPHONEOS_DEPLOYMENT_TARGET = 18.2;
				LOCALIZATION_PREFERS_STRING_CATALOGS = YES;
				MTL_ENABLE_DEBUG_INFO = INCLUDE_SOURCE;
				MTL_FAST_MATH = YES;
				ONLY_ACTIVE_ARCH = YES;
				SDKROOT = iphoneos;
				SWIFT_ACTIVE_COMPILATION_CONDITIONS = "DEBUG $(inherited)";
				SWIFT_OPTIMIZATION_LEVEL = "-Onone";
			};
			name = Debug;
		};
		065463072E566BF200BF3137 /* Release */ = {
			isa = XCBuildConfiguration;
			buildSettings = {
				ALWAYS_SEARCH_USER_PATHS = NO;
				ASSETCATALOG_COMPILER_GENERATE_SWIFT_ASSET_SYMBOL_EXTENSIONS = YES;
				CLANG_ANALYZER_NONNULL = YES;
				CLANG_ANALYZER_NUMBER_OBJECT_CONVERSION = YES_AGGRESSIVE;
				CLANG_CXX_LANGUAGE_STANDARD = "gnu++20";
				CLANG_ENABLE_MODULES = YES;
				CLANG_ENABLE_OBJC_ARC = YES;
				CLANG_ENABLE_OBJC_WEAK = YES;
				CLANG_WARN_BLOCK_CAPTURE_AUTORELEASING = YES;
				CLANG_WARN_BOOL_CONVERSION = YES;
				CLANG_WARN_COMMA = YES;
				CLANG_WARN_CONSTANT_CONVERSION = YES;
				CLANG_WARN_DEPRECATED_OBJC_IMPLEMENTATIONS = YES;
				CLANG_WARN_DIRECT_OBJC_ISA_USAGE = YES_ERROR;
				CLANG_WARN_DOCUMENTATION_COMMENTS = YES;
				CLANG_WARN_EMPTY_BODY = YES;
				CLANG_WARN_ENUM_CONVERSION = YES;
				CLANG_WARN_INFINITE_RECURSION = YES;
				CLANG_WARN_INT_CONVERSION = YES;
				CLANG_WARN_NON_LITERAL_NULL_CONVERSION = YES;
				CLANG_WARN_OBJC_IMPLICIT_RETAIN_SELF = YES;
				CLANG_WARN_OBJC_LITERAL_CONVERSION = YES;
				CLANG_WARN_OBJC_ROOT_CLASS = YES_ERROR;
				CLANG_WARN_QUOTED_INCLUDE_IN_FRAMEWORK_HEADER = YES;
				CLANG_WARN_RANGE_LOOP_ANALYSIS = YES;
				CLANG_WARN_STRICT_PROTOTYPES = YES;
				CLANG_WARN_SUSPICIOUS_MOVE = YES;
				CLANG_WARN_UNGUARDED_AVAILABILITY = YES_AGGRESSIVE;
				CLANG_WARN_UNREACHABLE_CODE = YES;
				CLANG_WARN__DUPLICATE_METHOD_MATCH = YES;
				COPY_PHASE_STRIP = NO;
				DEBUG_INFORMATION_FORMAT = "dwarf-with-dsym";
				ENABLE_NS_ASSERTIONS = NO;
				ENABLE_STRICT_OBJC_MSGSEND = YES;
				ENABLE_USER_SCRIPT_SANDBOXING = YES;
				GCC_C_LANGUAGE_STANDARD = gnu17;
				GCC_NO_COMMON_BLOCKS = YES;
				GCC_WARN_64_TO_32_BIT_CONVERSION = YES;
				GCC_WARN_ABOUT_RETURN_TYPE = YES_ERROR;
				GCC_WARN_UNDECLARED_SELECTOR = YES;
				GCC_WARN_UNINITIALIZED_AUTOS = YES_AGGRESSIVE;
				GCC_WARN_UNUSED_FUNCTION = YES;
				GCC_WARN_UNUSED_VARIABLE = YES;
				IPHONEOS_DEPLOYMENT_TARGET = 18.2;
				LOCALIZATION_PREFERS_STRING_CATALOGS = YES;
				MTL_ENABLE_DEBUG_INFO = NO;
				MTL_FAST_MATH = YES;
				SDKROOT = iphoneos;
				SWIFT_COMPILATION_MODE = wholemodule;
				VALIDATE_PRODUCT = YES;
			};
			name = Release;
		};
		065463092E566BF200BF3137 /* Debug */ = {
			isa = XCBuildConfiguration;
			buildSettings = {
				ASSETCATALOG_COMPILER_APPICON_NAME = AppIcon;
				ASSETCATALOG_COMPILER_GLOBAL_ACCENT_COLOR_NAME = AccentColor;
				CODE_SIGN_STYLE = Automatic;
				CURRENT_PROJECT_VERSION = 1;
				DEVELOPMENT_ASSET_PATHS = "\"ChallengeMELI_Nehuen_Roth/Preview Content\"";
				DEVELOPMENT_TEAM = 7AL7L9J57V;
				ENABLE_PREVIEWS = YES;
				GENERATE_INFOPLIST_FILE = YES;
				INFOPLIST_FILE = "ChallengeMELI-Nehuen-Roth-Info.plist";
				INFOPLIST_KEY_UIApplicationSceneManifest_Generation = YES;
				INFOPLIST_KEY_UIApplicationSupportsIndirectInputEvents = YES;
				INFOPLIST_KEY_UILaunchScreen_Generation = YES;
				INFOPLIST_KEY_UISupportedInterfaceOrientations_iPad = "UIInterfaceOrientationPortrait UIInterfaceOrientationPortraitUpsideDown UIInterfaceOrientationLandscapeLeft UIInterfaceOrientationLandscapeRight";
				INFOPLIST_KEY_UISupportedInterfaceOrientations_iPhone = "UIInterfaceOrientationPortrait UIInterfaceOrientationLandscapeLeft UIInterfaceOrientationLandscapeRight";
				LD_RUNPATH_SEARCH_PATHS = (
					"$(inherited)",
					"@executable_path/Frameworks",
				);
				MARKETING_VERSION = 1.0;
				PRODUCT_BUNDLE_IDENTIFIER = "Nehuen-R.ChallengeMELI-Nehuen-Roth";
				PRODUCT_NAME = "$(TARGET_NAME)";
				SWIFT_EMIT_LOC_STRINGS = YES;
				SWIFT_VERSION = 5.0;
				TARGETED_DEVICE_FAMILY = "1,2";
			};
			name = Debug;
		};
		0654630A2E566BF200BF3137 /* Release */ = {
			isa = XCBuildConfiguration;
			buildSettings = {
				ASSETCATALOG_COMPILER_APPICON_NAME = AppIcon;
				ASSETCATALOG_COMPILER_GLOBAL_ACCENT_COLOR_NAME = AccentColor;
				CODE_SIGN_STYLE = Automatic;
				CURRENT_PROJECT_VERSION = 1;
				DEVELOPMENT_ASSET_PATHS = "\"ChallengeMELI_Nehuen_Roth/Preview Content\"";
				DEVELOPMENT_TEAM = 7AL7L9J57V;
				ENABLE_PREVIEWS = YES;
				GENERATE_INFOPLIST_FILE = YES;
				INFOPLIST_FILE = "ChallengeMELI-Nehuen-Roth-Info.plist";
				INFOPLIST_KEY_UIApplicationSceneManifest_Generation = YES;
				INFOPLIST_KEY_UIApplicationSupportsIndirectInputEvents = YES;
				INFOPLIST_KEY_UILaunchScreen_Generation = YES;
				INFOPLIST_KEY_UISupportedInterfaceOrientations_iPad = "UIInterfaceOrientationPortrait UIInterfaceOrientationPortraitUpsideDown UIInterfaceOrientationLandscapeLeft UIInterfaceOrientationLandscapeRight";
				INFOPLIST_KEY_UISupportedInterfaceOrientations_iPhone = "UIInterfaceOrientationPortrait UIInterfaceOrientationLandscapeLeft UIInterfaceOrientationLandscapeRight";
				LD_RUNPATH_SEARCH_PATHS = (
					"$(inherited)",
					"@executable_path/Frameworks",
				);
				MARKETING_VERSION = 1.0;
				PRODUCT_BUNDLE_IDENTIFIER = "Nehuen-R.ChallengeMELI-Nehuen-Roth";
				PRODUCT_NAME = "$(TARGET_NAME)";
				SWIFT_EMIT_LOC_STRINGS = YES;
				SWIFT_VERSION = 5.0;
				TARGETED_DEVICE_FAMILY = "1,2";
			};
			name = Release;
		};
		0654630C2E566BF200BF3137 /* Debug */ = {
			isa = XCBuildConfiguration;
			buildSettings = {
				BUNDLE_LOADER = "$(TEST_HOST)";
				CODE_SIGN_STYLE = Automatic;
				CURRENT_PROJECT_VERSION = 1;
				DEVELOPMENT_TEAM = 7AL7L9J57V;
				GENERATE_INFOPLIST_FILE = YES;
				IPHONEOS_DEPLOYMENT_TARGET = 18.2;
				MARKETING_VERSION = 1.0;
				PRODUCT_BUNDLE_IDENTIFIER = "Nehuen-R.ChallengeMELI-Nehuen-RothTests";
				PRODUCT_NAME = "$(TARGET_NAME)";
				SWIFT_EMIT_LOC_STRINGS = NO;
				SWIFT_VERSION = 5.0;
				TARGETED_DEVICE_FAMILY = "1,2";
				TEST_HOST = "$(BUILT_PRODUCTS_DIR)/ChallengeMELI_Nehuen_Roth.app/$(BUNDLE_EXECUTABLE_FOLDER_PATH)/ChallengeMELI_Nehuen_Roth";
			};
			name = Debug;
		};
		0654630D2E566BF200BF3137 /* Release */ = {
			isa = XCBuildConfiguration;
			buildSettings = {
				BUNDLE_LOADER = "$(TEST_HOST)";
				CODE_SIGN_STYLE = Automatic;
				CURRENT_PROJECT_VERSION = 1;
				DEVELOPMENT_TEAM = 7AL7L9J57V;
				GENERATE_INFOPLIST_FILE = YES;
				IPHONEOS_DEPLOYMENT_TARGET = 18.2;
				MARKETING_VERSION = 1.0;
				PRODUCT_BUNDLE_IDENTIFIER = "Nehuen-R.ChallengeMELI-Nehuen-RothTests";
				PRODUCT_NAME = "$(TARGET_NAME)";
				SWIFT_EMIT_LOC_STRINGS = NO;
				SWIFT_VERSION = 5.0;
				TARGETED_DEVICE_FAMILY = "1,2";
				TEST_HOST = "$(BUILT_PRODUCTS_DIR)/ChallengeMELI_Nehuen_Roth.app/$(BUNDLE_EXECUTABLE_FOLDER_PATH)/ChallengeMELI_Nehuen_Roth";
			};
			name = Release;
		};
		0654630F2E566BF200BF3137 /* Debug */ = {
			isa = XCBuildConfiguration;
			buildSettings = {
				CODE_SIGN_STYLE = Automatic;
				CURRENT_PROJECT_VERSION = 1;
				DEVELOPMENT_TEAM = 7AL7L9J57V;
				GENERATE_INFOPLIST_FILE = YES;
				MARKETING_VERSION = 1.0;
				PRODUCT_BUNDLE_IDENTIFIER = "Nehuen-R.ChallengeMELI-Nehuen-RothUITests";
				PRODUCT_NAME = "$(TARGET_NAME)";
				SWIFT_EMIT_LOC_STRINGS = NO;
				SWIFT_VERSION = 5.0;
				TARGETED_DEVICE_FAMILY = "1,2";
				TEST_TARGET_NAME = ChallengeMELI_Nehuen_Roth;
			};
			name = Debug;
		};
		065463102E566BF200BF3137 /* Release */ = {
			isa = XCBuildConfiguration;
			buildSettings = {
				CODE_SIGN_STYLE = Automatic;
				CURRENT_PROJECT_VERSION = 1;
				DEVELOPMENT_TEAM = 7AL7L9J57V;
				GENERATE_INFOPLIST_FILE = YES;
				MARKETING_VERSION = 1.0;
				PRODUCT_BUNDLE_IDENTIFIER = "Nehuen-R.ChallengeMELI-Nehuen-RothUITests";
				PRODUCT_NAME = "$(TARGET_NAME)";
				SWIFT_EMIT_LOC_STRINGS = NO;
				SWIFT_VERSION = 5.0;
				TARGETED_DEVICE_FAMILY = "1,2";
				TEST_TARGET_NAME = ChallengeMELI_Nehuen_Roth;
			};
			name = Release;
		};
/* End XCBuildConfiguration section */

/* Begin XCConfigurationList section */
		065462DF2E566BF100BF3137 /* Build configuration list for PBXProject "ChallengeMELI_Nehuen_Roth" */ = {
			isa = XCConfigurationList;
			buildConfigurations = (
				065463062E566BF200BF3137 /* Debug */,
				065463072E566BF200BF3137 /* Release */,
			);
			defaultConfigurationIsVisible = 0;
			defaultConfigurationName = Release;
		};
		065463082E566BF200BF3137 /* Build configuration list for PBXNativeTarget "ChallengeMELI_Nehuen_Roth" */ = {
			isa = XCConfigurationList;
			buildConfigurations = (
				065463092E566BF200BF3137 /* Debug */,
				0654630A2E566BF200BF3137 /* Release */,
			);
			defaultConfigurationIsVisible = 0;
			defaultConfigurationName = Release;
		};
		0654630B2E566BF200BF3137 /* Build configuration list for PBXNativeTarget "ChallengeMELI_Nehuen_RothTests" */ = {
			isa = XCConfigurationList;
			buildConfigurations = (
				0654630C2E566BF200BF3137 /* Debug */,
				0654630D2E566BF200BF3137 /* Release */,
			);
			defaultConfigurationIsVisible = 0;
			defaultConfigurationName = Release;
		};
		0654630E2E566BF200BF3137 /* Build configuration list for PBXNativeTarget "ChallengeMELI_Nehuen_RothUITests" */ = {
			isa = XCConfigurationList;
			buildConfigurations = (
				0654630F2E566BF200BF3137 /* Debug */,
				065463102E566BF200BF3137 /* Release */,
			);
			defaultConfigurationIsVisible = 0;
			defaultConfigurationName = Release;
		};
/* End XCConfigurationList section */
	};
	rootObject = 065462DC2E566BF100BF3137 /* Project object */;
}
